
Microsoft Visual Studio Solution File, Format Version 12.00
# Visual Studio Version 17
VisualStudioVersion = 17.5.33530.505
MinimumVisualStudioVersion = 10.0.40219.1
Project("{FAE04EC0-301F-11D3-BF4B-00C04F79EFBC}") = "xTCC_Questoes.Android", "xTCC_Questoes\xTCC_Questoes.Android\xTCC_Questoes.Android.csproj", "{D134C10F-4BCA-45FF-8C9F-BACF5842837E}"
EndProject
Project("{FAE04EC0-301F-11D3-BF4B-00C04F79EFBC}") = "xTCC_Questoes", "xTCC_Questoes\xTCC_Questoes\xTCC_Questoes.csproj", "{705FD398-5A86-4C7D-88D9-C7BB386528B0}"
EndProject
Global
	GlobalSection(SolutionConfigurationPlatforms) = preSolution
		Debug|Any CPU = Debug|Any CPU
		Release|Any CPU = Release|Any CPU
	EndGlobalSection
	GlobalSection(ProjectConfigurationPlatforms) = postSolution
		{D134C10F-4BCA-45FF-8C9F-BACF5842837E}.Debug|Any CPU.ActiveCfg = Debug|Any CPU
		{D134C10F-4BCA-45FF-8C9F-BACF5842837E}.Debug|Any CPU.Build.0 = Debug|Any CPU
		{D134C10F-4BCA-45FF-8C9F-BACF5842837E}.Debug|Any CPU.Deploy.0 = Debug|Any CPU
		{D134C10F-4BCA-45FF-8C9F-BACF5842837E}.Release|Any CPU.ActiveCfg = Release|Any CPU
		{D134C10F-4BCA-45FF-8C9F-BACF5842837E}.Release|Any CPU.Build.0 = Release|Any CPU
		{D134C10F-4BCA-45FF-8C9F-BACF5842837E}.Release|Any CPU.Deploy.0 = Release|Any CPU
		{705FD398-5A86-4C7D-88D9-C7BB386528B0}.Debug|Any CPU.ActiveCfg = Debug|Any CPU
		{705FD398-5A86-4C7D-88D9-C7BB386528B0}.Debug|Any CPU.Build.0 = Debug|Any CPU
		{705FD398-5A86-4C7D-88D9-C7BB386528B0}.Debug|Any CPU.Deploy.0 = Debug|Any CPU
		{705FD398-5A86-4C7D-88D9-C7BB386528B0}.Release|Any CPU.ActiveCfg = Release|Any CPU
		{705FD398-5A86-4C7D-88D9-C7BB386528B0}.Release|Any CPU.Build.0 = Release|Any CPU
		{705FD398-5A86-4C7D-88D9-C7BB386528B0}.Release|Any CPU.Deploy.0 = Release|Any CPU
	EndGlobalSection
	GlobalSection(SolutionProperties) = preSolution
		HideSolutionNode = FALSE
	EndGlobalSection
	GlobalSection(ExtensibilityGlobals) = postSolution
		SolutionGuid = {3BDBF543-9334-4F04-A1D8-9DE51D169AA7}
	EndGlobalSection
EndGlobal
